
Microsoft Visual Studio Solution File, Format Version 12.00
# Visual Studio Version 16
VisualStudioVersion = 16.0.31424.327
MinimumVisualStudioVersion = 10.0.40219.1
Project("{FAE04EC0-301F-11D3-BF4B-00C04F79EFBC}") = "BasicsOOP_lesson3", "BasicsOOP_lesson3\BasicsOOP_lesson3.csproj", "{F737454A-A05D-44A2-8350-EB46267FDA30}"
EndProject
Global
	GlobalSection(SolutionConfigurationPlatforms) = preSolution
		Debug|Any CPU = Debug|Any CPU
		Release|Any CPU = Release|Any CPU
	EndGlobalSection
	GlobalSection(ProjectConfigurationPlatforms) = postSolution
		{F737454A-A05D-44A2-8350-EB46267FDA30}.Debug|Any CPU.ActiveCfg = Debug|Any CPU
		{F737454A-A05D-44A2-8350-EB46267FDA30}.Debug|Any CPU.Build.0 = Debug|Any CPU
		{F737454A-A05D-44A2-8350-EB46267FDA30}.Release|Any CPU.ActiveCfg = Release|Any CPU
		{F737454A-A05D-44A2-8350-EB46267FDA30}.Release|Any CPU.Build.0 = Release|Any CPU
	EndGlobalSection
	GlobalSection(SolutionProperties) = preSolution
		HideSolutionNode = FALSE
	EndGlobalSection
	GlobalSection(ExtensibilityGlobals) = postSolution
		SolutionGuid = {F965CDF6-732C-4BA4-9F30-64E531448344}
	EndGlobalSection
EndGlobal
